
Microsoft Visual Studio Solution File, Format Version 12.00
# Visual Studio Version 16
VisualStudioVersion = 16.0.30225.117
MinimumVisualStudioVersion = 10.0.40219.1
Project("{FAE04EC0-301F-11D3-BF4B-00C04F79EFBC}") = "MVC_StokTakip", "MVC_StokTakip\MVC_StokTakip.csproj", "{24B7E402-2184-4CFD-A98E-058C80DCFBE1}"
EndProject
Global
	GlobalSection(SolutionConfigurationPlatforms) = preSolution
		Debug|Any CPU = Debug|Any CPU
		Release|Any CPU = Release|Any CPU
	EndGlobalSection
	GlobalSection(ProjectConfigurationPlatforms) = postSolution
		{24B7E402-2184-4CFD-A98E-058C80DCFBE1}.Debug|Any CPU.ActiveCfg = Debug|Any CPU
		{24B7E402-2184-4CFD-A98E-058C80DCFBE1}.Debug|Any CPU.Build.0 = Debug|Any CPU
		{24B7E402-2184-4CFD-A98E-058C80DCFBE1}.Release|Any CPU.ActiveCfg = Release|Any CPU
		{24B7E402-2184-4CFD-A98E-058C80DCFBE1}.Release|Any CPU.Build.0 = Release|Any CPU
	EndGlobalSection
	GlobalSection(SolutionProperties) = preSolution
		HideSolutionNode = FALSE
	EndGlobalSection
	GlobalSection(ExtensibilityGlobals) = postSolution
		SolutionGuid = {34533032-F225-4B83-8D4F-6BBD20DC96DD}
	EndGlobalSection
EndGlobal
